#
# This lock-file should satisfy the accompanying pixi.toml file.
#
# my-package's source manifest declares a host-dependency on
# `required-host-dep`. The lock-file's `host_packages` list contains
# a matching binary package, so the v7 satisfiability check passes
# without forcing a re-lock.
#

version: 7
platforms:
  - name: linux-64
environments:
  default:
    channels:
      - url: https://conda.anaconda.org/conda-forge/
    packages:
      linux-64:
        - conda_source: my-package[deadbeef] @ ./my-package
packages:
  - conda_source: my-package[deadbeef] @ ./my-package
    subdir: noarch
    variants:
      target_platform: noarch
    depends: []
    host_packages:
      - conda: https://conda.anaconda.org/conda-forge/linux-64/required-host-dep-1.0.0-h0.conda
  - conda: https://conda.anaconda.org/conda-forge/linux-64/required-host-dep-1.0.0-h0.conda
    sha256: 0000000000000000000000000000000000000000000000000000000000000000
    md5: 00000000000000000000000000000000
    depends: []
